
Microsoft Visual Studio Solution File, Format Version 12.00
# Visual Studio Version 17
VisualStudioVersion = 17.10.35027.167
MinimumVisualStudioVersion = 10.0.40219.1
Project("{FAE04EC0-301F-11D3-BF4B-00C04F79EFBC}") = "Trial", "Trial\Trial.csproj", "{C11BE512-3A5D-49F9-A5BC-35E7D1982EE2}"
EndProject
Global
	GlobalSection(SolutionConfigurationPlatforms) = preSolution
		Debug|Any CPU = Debug|Any CPU
		Release|Any CPU = Release|Any CPU
	EndGlobalSection
	GlobalSection(ProjectConfigurationPlatforms) = postSolution
		{C11BE512-3A5D-49F9-A5BC-35E7D1982EE2}.Debug|Any CPU.ActiveCfg = Debug|Any CPU
		{C11BE512-3A5D-49F9-A5BC-35E7D1982EE2}.Debug|Any CPU.Build.0 = Debug|Any CPU
		{C11BE512-3A5D-49F9-A5BC-35E7D1982EE2}.Release|Any CPU.ActiveCfg = Release|Any CPU
		{C11BE512-3A5D-49F9-A5BC-35E7D1982EE2}.Release|Any CPU.Build.0 = Release|Any CPU
	EndGlobalSection
	GlobalSection(SolutionProperties) = preSolution
		HideSolutionNode = FALSE
	EndGlobalSection
	GlobalSection(ExtensibilityGlobals) = postSolution
		SolutionGuid = {F7CE30DC-ACD6-4560-874A-1C895F901B9C}
	EndGlobalSection
EndGlobal
